
Microsoft Visual Studio Solution File, Format Version 12.00
# Visual Studio Version 17
VisualStudioVersion = 17.6.33815.320
MinimumVisualStudioVersion = 10.0.40219.1
Project("{8BC9CEB8-8B4A-11D0-8D11-00A0C91BC942}") = "NodosDeArrays COLA FINAL", "NodosDeArrays COLA FINAL\NodosDeArrays COLA FINAL.vcxproj", "{B21120D3-BACE-44F8-B378-26ECBE665D55}"
EndProject
Global
	GlobalSection(SolutionConfigurationPlatforms) = preSolution
		Debug|x64 = Debug|x64
		Debug|x86 = Debug|x86
		Release|x64 = Release|x64
		Release|x86 = Release|x86
	EndGlobalSection
	GlobalSection(ProjectConfigurationPlatforms) = postSolution
		{B21120D3-BACE-44F8-B378-26ECBE665D55}.Debug|x64.ActiveCfg = Debug|x64
		{B21120D3-BACE-44F8-B378-26ECBE665D55}.Debug|x64.Build.0 = Debug|x64
		{B21120D3-BACE-44F8-B378-26ECBE665D55}.Debug|x86.ActiveCfg = Debug|Win32
		{B21120D3-BACE-44F8-B378-26ECBE665D55}.Debug|x86.Build.0 = Debug|Win32
		{B21120D3-BACE-44F8-B378-26ECBE665D55}.Release|x64.ActiveCfg = Release|x64
		{B21120D3-BACE-44F8-B378-26ECBE665D55}.Release|x64.Build.0 = Release|x64
		{B21120D3-BACE-44F8-B378-26ECBE665D55}.Release|x86.ActiveCfg = Release|Win32
		{B21120D3-BACE-44F8-B378-26ECBE665D55}.Release|x86.Build.0 = Release|Win32
	EndGlobalSection
	GlobalSection(SolutionProperties) = preSolution
		HideSolutionNode = FALSE
	EndGlobalSection
	GlobalSection(ExtensibilityGlobals) = postSolution
		SolutionGuid = {54F9EBA5-0743-4EC3-9191-B0D7524E51F4}
	EndGlobalSection
EndGlobal
