
Microsoft Visual Studio Solution File, Format Version 12.00
# Visual Studio Version 17
VisualStudioVersion = 17.6.33815.320
MinimumVisualStudioVersion = 10.0.40219.1
Project("{8BC9CEB8-8B4A-11D0-8D11-00A0C91BC942}") = "NodoDeArrays", "NodoDeArrays\NodoDeArrays.vcxproj", "{F736E9BF-88AE-4A48-BDB2-32EF4026267C}"
EndProject
Global
	GlobalSection(SolutionConfigurationPlatforms) = preSolution
		Debug|x64 = Debug|x64
		Debug|x86 = Debug|x86
		Release|x64 = Release|x64
		Release|x86 = Release|x86
	EndGlobalSection
	GlobalSection(ProjectConfigurationPlatforms) = postSolution
		{F736E9BF-88AE-4A48-BDB2-32EF4026267C}.Debug|x64.ActiveCfg = Debug|x64
		{F736E9BF-88AE-4A48-BDB2-32EF4026267C}.Debug|x64.Build.0 = Debug|x64
		{F736E9BF-88AE-4A48-BDB2-32EF4026267C}.Debug|x86.ActiveCfg = Debug|Win32
		{F736E9BF-88AE-4A48-BDB2-32EF4026267C}.Debug|x86.Build.0 = Debug|Win32
		{F736E9BF-88AE-4A48-BDB2-32EF4026267C}.Release|x64.ActiveCfg = Release|x64
		{F736E9BF-88AE-4A48-BDB2-32EF4026267C}.Release|x64.Build.0 = Release|x64
		{F736E9BF-88AE-4A48-BDB2-32EF4026267C}.Release|x86.ActiveCfg = Release|Win32
		{F736E9BF-88AE-4A48-BDB2-32EF4026267C}.Release|x86.Build.0 = Release|Win32
	EndGlobalSection
	GlobalSection(SolutionProperties) = preSolution
		HideSolutionNode = FALSE
	EndGlobalSection
	GlobalSection(ExtensibilityGlobals) = postSolution
		SolutionGuid = {8D2AD932-2426-4ED9-B9EB-344724C1838C}
	EndGlobalSection
EndGlobal
